
Microsoft Visual Studio Solution File, Format Version 12.00
# Visual Studio Version 16
VisualStudioVersion = 16.0.31129.286
MinimumVisualStudioVersion = 10.0.40219.1
Project("{FAE04EC0-301F-11D3-BF4B-00C04F79EFBC}") = "CursosOnline.Domain", "CursosOnline.Domain\CursosOnline.Domain.csproj", "{7E2B83EB-386C-4527-97F2-CE8C18B3826E}"
EndProject
Project("{FAE04EC0-301F-11D3-BF4B-00C04F79EFBC}") = "CursosOline.Domain.Teste", "CursosOline.Domain.Teste\CursosOline.Domain.Teste.csproj", "{47D65AFF-7824-4576-9060-C150D0E4AD46}"
EndProject
Global
	GlobalSection(SolutionConfigurationPlatforms) = preSolution
		Debug|Any CPU = Debug|Any CPU
		Release|Any CPU = Release|Any CPU
	EndGlobalSection
	GlobalSection(ProjectConfigurationPlatforms) = postSolution
		{7E2B83EB-386C-4527-97F2-CE8C18B3826E}.Debug|Any CPU.ActiveCfg = Debug|Any CPU
		{7E2B83EB-386C-4527-97F2-CE8C18B3826E}.Debug|Any CPU.Build.0 = Debug|Any CPU
		{7E2B83EB-386C-4527-97F2-CE8C18B3826E}.Release|Any CPU.ActiveCfg = Release|Any CPU
		{7E2B83EB-386C-4527-97F2-CE8C18B3826E}.Release|Any CPU.Build.0 = Release|Any CPU
		{47D65AFF-7824-4576-9060-C150D0E4AD46}.Debug|Any CPU.ActiveCfg = Debug|Any CPU
		{47D65AFF-7824-4576-9060-C150D0E4AD46}.Debug|Any CPU.Build.0 = Debug|Any CPU
		{47D65AFF-7824-4576-9060-C150D0E4AD46}.Release|Any CPU.ActiveCfg = Release|Any CPU
		{47D65AFF-7824-4576-9060-C150D0E4AD46}.Release|Any CPU.Build.0 = Release|Any CPU
	EndGlobalSection
	GlobalSection(SolutionProperties) = preSolution
		HideSolutionNode = FALSE
	EndGlobalSection
	GlobalSection(ExtensibilityGlobals) = postSolution
		SolutionGuid = {E38ECFAC-00B8-449F-968E-8E516C8F7DA4}
	EndGlobalSection
EndGlobal
